// !$*UTF8*$!
{
	archiveVersion = 1;
	classes = {
	};
	objectVersion = 46;
	objects = {

/* Begin PBXBuildFile section */
		482956D316E754FA000F253D /* shell.c in Sources */ = {isa = PBXBuildFile; fileRef = 482956D216E754FA000F253D /* shell.c */; };
/* End PBXBuildFile section */

/* Begin PBXCopyFilesBuildPhase section */
		482956C416E754C7000F253D /* CopyFiles */ = {
			isa = PBXCopyFilesBuildPhase;
			buildActionMask = 2147483647;
			dstPath = /usr/share/man/man1/;
			dstSubfolderSpec = 0;
			files = (
			);
			runOnlyForDeploymentPostprocessing = 1;
		};
/* End PBXCopyFilesBuildPhase section */

/* Begin PBXFileReference section */
		482956C616E754C7000F253D /* task1_shell */ = {isa = PBXFileReference; explicitFileType = "compiled.mach-o.executable"; includeInIndex = 0; path = task1_shell; sourceTree = BUILT_PRODUCTS_DIR; };
		482956D216E754FA000F253D /* shell.c */ = {isa = PBXFileReference; fileEncoding = 4; lastKnownFileType = sourcecode.c.c; path = shell.c; sourceTree = "<group>"; };
/* End PBXFileReference section */

/* Begin PBXFrameworksBuildPhase section */
		482956C316E754C7000F253D /* Frameworks */ = {
			isa = PBXFrameworksBuildPhase;
			buildActionMask = 2147483647;
			files = (
			);
			runOnlyForDeploymentPostprocessing = 0;
		};
/* End PBXFrameworksBuildPhase section */

/* Begin PBXGroup section */
		482956BD16E754C7000F253D = {
			isa = PBXGroup;
			children = (
				482956C816E754C7000F253D /* task1_shell */,
				482956C716E754C7000F253D /* Products */,
			);
			sourceTree = "<group>";
		};
		482956C716E754C7000F253D /* Products */ = {
			isa = PBXGroup;
			children = (
				482956C616E754C7000F253D /* task1_shell */,
			);
			name = Products;
			sourceTree = "<group>";
		};
		482956C816E754C7000F253D /* task1_shell */ = {
			isa = PBXGroup;
			children = (
				482956D216E754FA000F253D /* shell.c */,
			);
			path = task1_shell;
			sourceTree = "<group>";
		};
/* End PBXGroup section */

/* Begin PBXNativeTarget section */
		482956C516E754C7000F253D /* task1_shell */ = {
			isa = PBXNativeTarget;
			buildConfigurationList = 482956CF16E754C7000F253D /* Build configuration list for PBXNativeTarget "task1_shell" */;
			buildPhases = (
				482956C216E754C7000F253D /* Sources */,
				482956C316E754C7000F253D /* Frameworks */,
				482956C416E754C7000F253D /* CopyFiles */,
			);
			buildRules = (
			);
			dependencies = (
			);
			name = task1_shell;
			productName = task1_shell;
			productReference = 482956C616E754C7000F253D /* task1_shell */;
			productType = "com.apple.product-type.tool";
		};
/* End PBXNativeTarget section */

/* Begin PBXProject section */
		482956BE16E754C7000F253D /* Project object */ = {
			isa = PBXProject;
			attributes = {
				LastUpgradeCheck = 0460;
				ORGANIZATIONNAME = OS;
			};
			buildConfigurationList = 482956C116E754C7000F253D /* Build configuration list for PBXProject "task1_shell" */;
			compatibilityVersion = "Xcode 3.2";
			developmentRegion = English;
			hasScannedForEncodings = 0;
			knownRegions = (
				en,
			);
			mainGroup = 482956BD16E754C7000F253D;
			productRefGroup = 482956C716E754C7000F253D /* Products */;
			projectDirPath = "";
			projectRoot = "";
			targets = (
				482956C516E754C7000F253D /* task1_shell */,
			);
		};
/* End PBXProject section */

/* Begin PBXSourcesBuildPhase section */
		482956C216E754C7000F253D /* Sources */ = {
			isa = PBXSourcesBuildPhase;
			buildActionMask = 2147483647;
			files = (
				482956D316E754FA000F253D /* shell.c in Sources */,
			);
			runOnlyForDeploymentPostprocessing = 0;
		};
/* End PBXSourcesBuildPhase section */

/* Begin XCBuildConfiguration section */
		482956CD16E754C7000F253D /* Debug */ = {
			isa = XCBuildConfiguration;
			buildSettings = {
				ALWAYS_SEARCH_USER_PATHS = NO;
				ARCHS = "$(ARCHS_STANDARD_64_BIT)";
				CLANG_CXX_LANGUAGE_STANDARD = "gnu++0x";
				CLANG_CXX_LIBRARY = "libc++";
				CLANG_WARN_CONSTANT_CONVERSION = YES;
				CLANG_WARN_EMPTY_BODY = YES;
				CLANG_WARN_ENUM_CONVERSION = YES;
				CLANG_WARN_INT_CONVERSION = YES;
				CLANG_WARN__DUPLICATE_METHOD_MATCH = YES;
				COPY_PHASE_STRIP = NO;
				GCC_C_LANGUAGE_STANDARD = gnu99;
				GCC_DYNAMIC_NO_PIC = NO;
				GCC_ENABLE_OBJC_EXCEPTIONS = YES;
				GCC_OPTIMIZATION_LEVEL = 0;
				GCC_PREPROCESSOR_DEFINITIONS = (
					"DEBUG=1",
					"$(inherited)",
				);
				GCC_SYMBOLS_PRIVATE_EXTERN = NO;
				GCC_WARN_64_TO_32_BIT_CONVERSION = YES;
				GCC_WARN_ABOUT_RETURN_TYPE = YES;
				GCC_WARN_UNINITIALIZED_AUTOS = YES;
				GCC_WARN_UNUSED_VARIABLE = YES;
				MACOSX_DEPLOYMENT_TARGET = 10.8;
				ONLY_ACTIVE_ARCH = YES;
				SDKROOT = macosx;
			};
			name = Debug;
		};
		482956CE16E754C7000F253D /* Release */ = {
			isa = XCBuildConfiguration;
			buildSettings = {
				ALWAYS_SEARCH_USER_PATHS = NO;
				ARCHS = "$(ARCHS_STANDARD_64_BIT)";
				CLANG_CXX_LANGUAGE_STANDARD = "gnu++0x";
				CLANG_CXX_LIBRARY = "libc++";
				CLANG_WARN_CONSTANT_CONVERSION = YES;
				CLANG_WARN_EMPTY_BODY = YES;
				CLANG_WARN_ENUM_CONVERSION = YES;
				CLANG_WARN_INT_CONVERSION = YES;
				CLANG_WARN__DUPLICATE_METHOD_MATCH = YES;
				COPY_PHASE_STRIP = YES;
				DEBUG_INFORMATION_FORMAT = "dwarf-with-dsym";
				GCC_C_LANGUAGE_STANDARD = gnu99;
				GCC_ENABLE_OBJC_EXCEPTIONS = YES;
				GCC_WARN_64_TO_32_BIT_CONVERSION = YES;
				GCC_WARN_ABOUT_RETURN_TYPE = YES;
				GCC_WARN_UNINITIALIZED_AUTOS = YES;
				GCC_WARN_UNUSED_VARIABLE = YES;
				MACOSX_DEPLOYMENT_TARGET = 10.8;
				SDKROOT = macosx;
			};
			name = Release;
		};
		482956D016E754C7000F253D /* Debug */ = {
			isa = XCBuildConfiguration;
			buildSettings = {
				PRODUCT_NAME = "$(TARGET_NAME)";
			};
			name = Debug;
		};
		482956D116E754C7000F253D /* Release */ = {
			isa = XCBuildConfiguration;
			buildSettings = {
				PRODUCT_NAME = "$(TARGET_NAME)";
			};
			name = Release;
		};
/* End XCBuildConfiguration section */

/* Begin XCConfigurationList section */
		482956C116E754C7000F253D /* Build configuration list for PBXProject "task1_shell" */ = {
			isa = XCConfigurationList;
			buildConfigurations = (
				482956CD16E754C7000F253D /* Debug */,
				482956CE16E754C7000F253D /* Release */,
			);
			defaultConfigurationIsVisible = 0;
			defaultConfigurationName = Release;
		};
		482956CF16E754C7000F253D /* Build configuration list for PBXNativeTarget "task1_shell" */ = {
			isa = XCConfigurationList;
			buildConfigurations = (
				482956D016E754C7000F253D /* Debug */,
				482956D116E754C7000F253D /* Release */,
			);
			defaultConfigurationIsVisible = 0;
			defaultConfigurationName = Release;
		};
/* End XCConfigurationList section */
	};
	rootObject = 482956BE16E754C7000F253D /* Project object */;
}
